
Microsoft Visual Studio Solution File, Format Version 12.00
# Visual Studio Version 17
VisualStudioVersion = 17.5.002.0
MinimumVisualStudioVersion = 10.0.40219.1
Project("{2150E333-8FDC-42A3-9474-1A3956D46DE8}") = "src", "src", "{7AF04452-3A70-4204-BE08-69F313A8F23B}"
EndProject
Project("{9A19103F-16F7-4668-BE54-9A1E7A4F7556}") = "Coinecta.Distributor", "src\Coinecta.Distributor\Coinecta.Distributor.csproj", "{4B2D482D-6979-4C66-800E-D533475D71F8}"
EndProject
Project("{9A19103F-16F7-4668-BE54-9A1E7A4F7556}") = "Coinecta.Sync", "src\Coinecta.Sync\Coinecta.Sync.csproj", "{C5381D83-B892-42B8-879B-E836AC92362C}"
EndProject
Project("{9A19103F-16F7-4668-BE54-9A1E7A4F7556}") = "Coinecta.API", "src\Coinecta.API\Coinecta.API.csproj", "{83FD5BB4-19FE-4E74-88C3-D5C08196D8FD}"
EndProject
Project("{9A19103F-16F7-4668-BE54-9A1E7A4F7556}") = "Coinecta.Tests", "src\Coinecta.Tests\Coinecta.Tests.csproj", "{746F44BF-883D-4A0E-A86D-9070B0E9B55F}"
EndProject
Project("{9A19103F-16F7-4668-BE54-9A1E7A4F7556}") = "Coinecta.Data", "src\Coinecta.Data\Coinecta.Data.csproj", "{62A53E23-E3CC-414B-99D6-A546F4680B94}"
EndProject
Project("{9A19103F-16F7-4668-BE54-9A1E7A4F7556}") = "Coinecta.Catcher", "src\Coinecta.Catcher\Coinecta.Catcher.csproj", "{7979985C-8A56-4A29-9BBE-9D66899B4A26}"
EndProject
Global
	GlobalSection(SolutionConfigurationPlatforms) = preSolution
		Debug|Any CPU = Debug|Any CPU
		Release|Any CPU = Release|Any CPU
	EndGlobalSection
	GlobalSection(ProjectConfigurationPlatforms) = postSolution
		{4B2D482D-6979-4C66-800E-D533475D71F8}.Debug|Any CPU.ActiveCfg = Debug|Any CPU
		{4B2D482D-6979-4C66-800E-D533475D71F8}.Debug|Any CPU.Build.0 = Debug|Any CPU
		{4B2D482D-6979-4C66-800E-D533475D71F8}.Release|Any CPU.ActiveCfg = Release|Any CPU
		{4B2D482D-6979-4C66-800E-D533475D71F8}.Release|Any CPU.Build.0 = Release|Any CPU
		{C5381D83-B892-42B8-879B-E836AC92362C}.Debug|Any CPU.ActiveCfg = Debug|Any CPU
		{C5381D83-B892-42B8-879B-E836AC92362C}.Debug|Any CPU.Build.0 = Debug|Any CPU
		{C5381D83-B892-42B8-879B-E836AC92362C}.Release|Any CPU.ActiveCfg = Release|Any CPU
		{C5381D83-B892-42B8-879B-E836AC92362C}.Release|Any CPU.Build.0 = Release|Any CPU
		{83FD5BB4-19FE-4E74-88C3-D5C08196D8FD}.Debug|Any CPU.ActiveCfg = Debug|Any CPU
		{83FD5BB4-19FE-4E74-88C3-D5C08196D8FD}.Debug|Any CPU.Build.0 = Debug|Any CPU
		{83FD5BB4-19FE-4E74-88C3-D5C08196D8FD}.Release|Any CPU.ActiveCfg = Release|Any CPU
		{83FD5BB4-19FE-4E74-88C3-D5C08196D8FD}.Release|Any CPU.Build.0 = Release|Any CPU
		{746F44BF-883D-4A0E-A86D-9070B0E9B55F}.Debug|Any CPU.ActiveCfg = Debug|Any CPU
		{746F44BF-883D-4A0E-A86D-9070B0E9B55F}.Debug|Any CPU.Build.0 = Debug|Any CPU
		{746F44BF-883D-4A0E-A86D-9070B0E9B55F}.Release|Any CPU.ActiveCfg = Release|Any CPU
		{746F44BF-883D-4A0E-A86D-9070B0E9B55F}.Release|Any CPU.Build.0 = Release|Any CPU
		{62A53E23-E3CC-414B-99D6-A546F4680B94}.Debug|Any CPU.ActiveCfg = Debug|Any CPU
		{62A53E23-E3CC-414B-99D6-A546F4680B94}.Debug|Any CPU.Build.0 = Debug|Any CPU
		{62A53E23-E3CC-414B-99D6-A546F4680B94}.Release|Any CPU.ActiveCfg = Release|Any CPU
		{62A53E23-E3CC-414B-99D6-A546F4680B94}.Release|Any CPU.Build.0 = Release|Any CPU
		{7979985C-8A56-4A29-9BBE-9D66899B4A26}.Debug|Any CPU.ActiveCfg = Debug|Any CPU
		{7979985C-8A56-4A29-9BBE-9D66899B4A26}.Debug|Any CPU.Build.0 = Debug|Any CPU
		{7979985C-8A56-4A29-9BBE-9D66899B4A26}.Release|Any CPU.ActiveCfg = Release|Any CPU
		{7979985C-8A56-4A29-9BBE-9D66899B4A26}.Release|Any CPU.Build.0 = Release|Any CPU
	EndGlobalSection
	GlobalSection(SolutionProperties) = preSolution
		HideSolutionNode = FALSE
	EndGlobalSection
	GlobalSection(NestedProjects) = preSolution
		{4B2D482D-6979-4C66-800E-D533475D71F8} = {7AF04452-3A70-4204-BE08-69F313A8F23B}
		{C5381D83-B892-42B8-879B-E836AC92362C} = {7AF04452-3A70-4204-BE08-69F313A8F23B}
		{83FD5BB4-19FE-4E74-88C3-D5C08196D8FD} = {7AF04452-3A70-4204-BE08-69F313A8F23B}
		{746F44BF-883D-4A0E-A86D-9070B0E9B55F} = {7AF04452-3A70-4204-BE08-69F313A8F23B}
		{62A53E23-E3CC-414B-99D6-A546F4680B94} = {7AF04452-3A70-4204-BE08-69F313A8F23B}
		{7979985C-8A56-4A29-9BBE-9D66899B4A26} = {7AF04452-3A70-4204-BE08-69F313A8F23B}
	EndGlobalSection
	GlobalSection(ExtensibilityGlobals) = postSolution
		SolutionGuid = {94135EB0-D374-44A4-A82F-1CAEE646617C}
	EndGlobalSection
EndGlobal
